// !$*UTF8*$!
{
	archiveVersion = 1;
	classes = {
	};
	objectVersion = 50;
	objects = {

/* Begin PBXBuildFile section */
		84B46DCA25A336B600A2A285 /* AppDelegate.swift in Sources */ = {isa = PBXBuildFile; fileRef = 84B46DC925A336B600A2A285 /* AppDelegate.swift */; };
		84B46DCC25A336B600A2A285 /* SceneDelegate.swift in Sources */ = {isa = PBXBuildFile; fileRef = 84B46DCB25A336B600A2A285 /* SceneDelegate.swift */; };
		84B46DCE25A336B600A2A285 /* ViewController.swift in Sources */ = {isa = PBXBuildFile; fileRef = 84B46DCD25A336B600A2A285 /* ViewController.swift */; };
		84B46DD125A336B600A2A285 /* Main.storyboard in Resources */ = {isa = PBXBuildFile; fileRef = 84B46DCF25A336B600A2A285 /* Main.storyboard */; };
		84B46DD425A336B600A2A285 /* iTunesAPIConnect.xcdatamodeld in Sources */ = {isa = PBXBuildFile; fileRef = 84B46DD225A336B600A2A285 /* iTunesAPIConnect.xcdatamodeld */; };
		84B46DD625A336B900A2A285 /* Assets.xcassets in Resources */ = {isa = PBXBuildFile; fileRef = 84B46DD525A336B900A2A285 /* Assets.xcassets */; };
		84B46DD925A336B900A2A285 /* LaunchScreen.storyboard in Resources */ = {isa = PBXBuildFile; fileRef = 84B46DD725A336B900A2A285 /* LaunchScreen.storyboard */; };
		84B46DE425A336BA00A2A285 /* iTunesAPIConnectTests.swift in Sources */ = {isa = PBXBuildFile; fileRef = 84B46DE325A336BA00A2A285 /* iTunesAPIConnectTests.swift */; };
		84B46DEF25A336BA00A2A285 /* iTunesAPIConnectUITests.swift in Sources */ = {isa = PBXBuildFile; fileRef = 84B46DEE25A336BA00A2A285 /* iTunesAPIConnectUITests.swift */; };
/* End PBXBuildFile section */

/* Begin PBXContainerItemProxy section */
		84B46DE025A336BA00A2A285 /* PBXContainerItemProxy */ = {
			isa = PBXContainerItemProxy;
			containerPortal = 84B46DBE25A336B600A2A285 /* Project object */;
			proxyType = 1;
			remoteGlobalIDString = 84B46DC525A336B600A2A285;
			remoteInfo = iTunesAPIConnect;
		};
		84B46DEB25A336BA00A2A285 /* PBXContainerItemProxy */ = {
			isa = PBXContainerItemProxy;
			containerPortal = 84B46DBE25A336B600A2A285 /* Project object */;
			proxyType = 1;
			remoteGlobalIDString = 84B46DC525A336B600A2A285;
			remoteInfo = iTunesAPIConnect;
		};
/* End PBXContainerItemProxy section */

/* Begin PBXFileReference section */
		84B46DC625A336B600A2A285 /* iTunesAPIConnect.app */ = {isa = PBXFileReference; explicitFileType = wrapper.application; includeInIndex = 0; path = iTunesAPIConnect.app; sourceTree = BUILT_PRODUCTS_DIR; };
		84B46DC925A336B600A2A285 /* AppDelegate.swift */ = {isa = PBXFileReference; lastKnownFileType = sourcecode.swift; path = AppDelegate.swift; sourceTree = "<group>"; };
		84B46DCB25A336B600A2A285 /* SceneDelegate.swift */ = {isa = PBXFileReference; lastKnownFileType = sourcecode.swift; path = SceneDelegate.swift; sourceTree = "<group>"; };
		84B46DCD25A336B600A2A285 /* ViewController.swift */ = {isa = PBXFileReference; lastKnownFileType = sourcecode.swift; path = ViewController.swift; sourceTree = "<group>"; };
		84B46DD025A336B600A2A285 /* Base */ = {isa = PBXFileReference; lastKnownFileType = file.storyboard; name = Base; path = Base.lproj/Main.storyboard; sourceTree = "<group>"; };
		84B46DD325A336B600A2A285 /* iTunesAPIConnect.xcdatamodel */ = {isa = PBXFileReference; lastKnownFileType = wrapper.xcdatamodel; path = iTunesAPIConnect.xcdatamodel; sourceTree = "<group>"; };
		84B46DD525A336B900A2A285 /* Assets.xcassets */ = {isa = PBXFileReference; lastKnownFileType = folder.assetcatalog; path = Assets.xcassets; sourceTree = "<group>"; };
		84B46DD825A336B900A2A285 /* Base */ = {isa = PBXFileReference; lastKnownFileType = file.storyboard; name = Base; path = Base.lproj/LaunchScreen.storyboard; sourceTree = "<group>"; };
		84B46DDA25A336B900A2A285 /* Info.plist */ = {isa = PBXFileReference; lastKnownFileType = text.plist.xml; path = Info.plist; sourceTree = "<group>"; };
		84B46DDF25A336BA00A2A285 /* iTunesAPIConnectTests.xctest */ = {isa = PBXFileReference; explicitFileType = wrapper.cfbundle; includeInIndex = 0; path = iTunesAPIConnectTests.xctest; sourceTree = BUILT_PRODUCTS_DIR; };
		84B46DE325A336BA00A2A285 /* iTunesAPIConnectTests.swift */ = {isa = PBXFileReference; lastKnownFileType = sourcecode.swift; path = iTunesAPIConnectTests.swift; sourceTree = "<group>"; };
		84B46DE525A336BA00A2A285 /* Info.plist */ = {isa = PBXFileReference; lastKnownFileType = text.plist.xml; path = Info.plist; sourceTree = "<group>"; };
		84B46DEA25A336BA00A2A285 /* iTunesAPIConnectUITests.xctest */ = {isa = PBXFileReference; explicitFileType = wrapper.cfbundle; includeInIndex = 0; path = iTunesAPIConnectUITests.xctest; sourceTree = BUILT_PRODUCTS_DIR; };
		84B46DEE25A336BA00A2A285 /* iTunesAPIConnectUITests.swift */ = {isa = PBXFileReference; lastKnownFileType = sourcecode.swift; path = iTunesAPIConnectUITests.swift; sourceTree = "<group>"; };
		84B46DF025A336BA00A2A285 /* Info.plist */ = {isa = PBXFileReference; lastKnownFileType = text.plist.xml; path = Info.plist; sourceTree = "<group>"; };
/* End PBXFileReference section */

/* Begin PBXFrameworksBuildPhase section */
		84B46DC325A336B600A2A285 /* Frameworks */ = {
			isa = PBXFrameworksBuildPhase;
			buildActionMask = 2147483647;
			files = (
			);
			runOnlyForDeploymentPostprocessing = 0;
		};
		84B46DDC25A336BA00A2A285 /* Frameworks */ = {
			isa = PBXFrameworksBuildPhase;
			buildActionMask = 2147483647;
			files = (
			);
			runOnlyForDeploymentPostprocessing = 0;
		};
		84B46DE725A336BA00A2A285 /* Frameworks */ = {
			isa = PBXFrameworksBuildPhase;
			buildActionMask = 2147483647;
			files = (
			);
			runOnlyForDeploymentPostprocessing = 0;
		};
/* End PBXFrameworksBuildPhase section */

/* Begin PBXGroup section */
		84B46DBD25A336B600A2A285 = {
			isa = PBXGroup;
			children = (
				84B46DC825A336B600A2A285 /* iTunesAPIConnect */,
				84B46DE225A336BA00A2A285 /* iTunesAPIConnectTests */,
				84B46DED25A336BA00A2A285 /* iTunesAPIConnectUITests */,
				84B46DC725A336B600A2A285 /* Products */,
			);
			sourceTree = "<group>";
		};
		84B46DC725A336B600A2A285 /* Products */ = {
			isa = PBXGroup;
			children = (
				84B46DC625A336B600A2A285 /* iTunesAPIConnect.app */,
				84B46DDF25A336BA00A2A285 /* iTunesAPIConnectTests.xctest */,
				84B46DEA25A336BA00A2A285 /* iTunesAPIConnectUITests.xctest */,
			);
			name = Products;
			sourceTree = "<group>";
		};
		84B46DC825A336B600A2A285 /* iTunesAPIConnect */ = {
			isa = PBXGroup;
			children = (
				84B46DC925A336B600A2A285 /* AppDelegate.swift */,
				84B46DCB25A336B600A2A285 /* SceneDelegate.swift */,
				84B46DCD25A336B600A2A285 /* ViewController.swift */,
				84B46DCF25A336B600A2A285 /* Main.storyboard */,
				84B46DD525A336B900A2A285 /* Assets.xcassets */,
				84B46DD725A336B900A2A285 /* LaunchScreen.storyboard */,
				84B46DDA25A336B900A2A285 /* Info.plist */,
				84B46DD225A336B600A2A285 /* iTunesAPIConnect.xcdatamodeld */,
			);
			path = iTunesAPIConnect;
			sourceTree = "<group>";
		};
		84B46DE225A336BA00A2A285 /* iTunesAPIConnectTests */ = {
			isa = PBXGroup;
			children = (
				84B46DE325A336BA00A2A285 /* iTunesAPIConnectTests.swift */,
				84B46DE525A336BA00A2A285 /* Info.plist */,
			);
			path = iTunesAPIConnectTests;
			sourceTree = "<group>";
		};
		84B46DED25A336BA00A2A285 /* iTunesAPIConnectUITests */ = {
			isa = PBXGroup;
			children = (
				84B46DEE25A336BA00A2A285 /* iTunesAPIConnectUITests.swift */,
				84B46DF025A336BA00A2A285 /* Info.plist */,
			);
			path = iTunesAPIConnectUITests;
			sourceTree = "<group>";
		};
/* End PBXGroup section */

/* Begin PBXNativeTarget section */
		84B46DC525A336B600A2A285 /* iTunesAPIConnect */ = {
			isa = PBXNativeTarget;
			buildConfigurationList = 84B46DF325A336BA00A2A285 /* Build configuration list for PBXNativeTarget "iTunesAPIConnect" */;
			buildPhases = (
				84B46DC225A336B600A2A285 /* Sources */,
				84B46DC325A336B600A2A285 /* Frameworks */,
				84B46DC425A336B600A2A285 /* Resources */,
			);
			buildRules = (
			);
			dependencies = (
			);
			name = iTunesAPIConnect;
			productName = iTunesAPIConnect;
			productReference = 84B46DC625A336B600A2A285 /* iTunesAPIConnect.app */;
			productType = "com.apple.product-type.application";
		};
		84B46DDE25A336BA00A2A285 /* iTunesAPIConnectTests */ = {
			isa = PBXNativeTarget;
			buildConfigurationList = 84B46DF625A336BA00A2A285 /* Build configuration list for PBXNativeTarget "iTunesAPIConnectTests" */;
			buildPhases = (
				84B46DDB25A336BA00A2A285 /* Sources */,
				84B46DDC25A336BA00A2A285 /* Frameworks */,
				84B46DDD25A336BA00A2A285 /* Resources */,
			);
			buildRules = (
			);
			dependencies = (
				84B46DE125A336BA00A2A285 /* PBXTargetDependency */,
			);
			name = iTunesAPIConnectTests;
			productName = iTunesAPIConnectTests;
			productReference = 84B46DDF25A336BA00A2A285 /* iTunesAPIConnectTests.xctest */;
			productType = "com.apple.product-type.bundle.unit-test";
		};
		84B46DE925A336BA00A2A285 /* iTunesAPIConnectUITests */ = {
			isa = PBXNativeTarget;
			buildConfigurationList = 84B46DF925A336BA00A2A285 /* Build configuration list for PBXNativeTarget "iTunesAPIConnectUITests" */;
			buildPhases = (
				84B46DE625A336BA00A2A285 /* Sources */,
				84B46DE725A336BA00A2A285 /* Frameworks */,
				84B46DE825A336BA00A2A285 /* Resources */,
			);
			buildRules = (
			);
			dependencies = (
				84B46DEC25A336BA00A2A285 /* PBXTargetDependency */,
			);
			name = iTunesAPIConnectUITests;
			productName = iTunesAPIConnectUITests;
			productReference = 84B46DEA25A336BA00A2A285 /* iTunesAPIConnectUITests.xctest */;
			productType = "com.apple.product-type.bundle.ui-testing";
		};
/* End PBXNativeTarget section */

/* Begin PBXProject section */
		84B46DBE25A336B600A2A285 /* Project object */ = {
			isa = PBXProject;
			attributes = {
				LastSwiftUpdateCheck = 1230;
				LastUpgradeCheck = 1230;
				TargetAttributes = {
					84B46DC525A336B600A2A285 = {
						CreatedOnToolsVersion = 12.3;
					};
					84B46DDE25A336BA00A2A285 = {
						CreatedOnToolsVersion = 12.3;
						TestTargetID = 84B46DC525A336B600A2A285;
					};
					84B46DE925A336BA00A2A285 = {
						CreatedOnToolsVersion = 12.3;
						TestTargetID = 84B46DC525A336B600A2A285;
					};
				};
			};
			buildConfigurationList = 84B46DC125A336B600A2A285 /* Build configuration list for PBXProject "iTunesAPIConnect" */;
			compatibilityVersion = "Xcode 9.3";
			developmentRegion = en;
			hasScannedForEncodings = 0;
			knownRegions = (
				en,
				Base,
			);
			mainGroup = 84B46DBD25A336B600A2A285;
			productRefGroup = 84B46DC725A336B600A2A285 /* Products */;
			projectDirPath = "";
			projectRoot = "";
			targets = (
				84B46DC525A336B600A2A285 /* iTunesAPIConnect */,
				84B46DDE25A336BA00A2A285 /* iTunesAPIConnectTests */,
				84B46DE925A336BA00A2A285 /* iTunesAPIConnectUITests */,
			);
		};
/* End PBXProject section */

/* Begin PBXResourcesBuildPhase section */
		84B46DC425A336B600A2A285 /* Resources */ = {
			isa = PBXResourcesBuildPhase;
			buildActionMask = 2147483647;
			files = (
				84B46DD925A336B900A2A285 /* LaunchScreen.storyboard in Resources */,
				84B46DD625A336B900A2A285 /* Assets.xcassets in Resources */,
				84B46DD125A336B600A2A285 /* Main.storyboard in Resources */,
			);
			runOnlyForDeploymentPostprocessing = 0;
		};
		84B46DDD25A336BA00A2A285 /* Resources */ = {
			isa = PBXResourcesBuildPhase;
			buildActionMask = 2147483647;
			files = (
			);
			runOnlyForDeploymentPostprocessing = 0;
		};
		84B46DE825A336BA00A2A285 /* Resources */ = {
			isa = PBXResourcesBuildPhase;
			buildActionMask = 2147483647;
			files = (
			);
			runOnlyForDeploymentPostprocessing = 0;
		};
/* End PBXResourcesBuildPhase section */

/* Begin PBXSourcesBuildPhase section */
		84B46DC225A336B600A2A285 /* Sources */ = {
			isa = PBXSourcesBuildPhase;
			buildActionMask = 2147483647;
			files = (
				84B46DCE25A336B600A2A285 /* ViewController.swift in Sources */,
				84B46DD425A336B600A2A285 /* iTunesAPIConnect.xcdatamodeld in Sources */,
				84B46DCA25A336B600A2A285 /* AppDelegate.swift in Sources */,
				84B46DCC25A336B600A2A285 /* SceneDelegate.swift in Sources */,
			);
			runOnlyForDeploymentPostprocessing = 0;
		};
		84B46DDB25A336BA00A2A285 /* Sources */ = {
			isa = PBXSourcesBuildPhase;
			buildActionMask = 2147483647;
			files = (
				84B46DE425A336BA00A2A285 /* iTunesAPIConnectTests.swift in Sources */,
			);
			runOnlyForDeploymentPostprocessing = 0;
		};
		84B46DE625A336BA00A2A285 /* Sources */ = {
			isa = PBXSourcesBuildPhase;
			buildActionMask = 2147483647;
			files = (
				84B46DEF25A336BA00A2A285 /* iTunesAPIConnectUITests.swift in Sources */,
			);
			runOnlyForDeploymentPostprocessing = 0;
		};
/* End PBXSourcesBuildPhase section */

/* Begin PBXTargetDependency section */
		84B46DE125A336BA00A2A285 /* PBXTargetDependency */ = {
			isa = PBXTargetDependency;
			target = 84B46DC525A336B600A2A285 /* iTunesAPIConnect */;
			targetProxy = 84B46DE025A336BA00A2A285 /* PBXContainerItemProxy */;
		};
		84B46DEC25A336BA00A2A285 /* PBXTargetDependency */ = {
			isa = PBXTargetDependency;
			target = 84B46DC525A336B600A2A285 /* iTunesAPIConnect */;
			targetProxy = 84B46DEB25A336BA00A2A285 /* PBXContainerItemProxy */;
		};
/* End PBXTargetDependency section */

/* Begin PBXVariantGroup section */
		84B46DCF25A336B600A2A285 /* Main.storyboard */ = {
			isa = PBXVariantGroup;
			children = (
				84B46DD025A336B600A2A285 /* Base */,
			);
			name = Main.storyboard;
			sourceTree = "<group>";
		};
		84B46DD725A336B900A2A285 /* LaunchScreen.storyboard */ = {
			isa = PBXVariantGroup;
			children = (
				84B46DD825A336B900A2A285 /* Base */,
			);
			name = LaunchScreen.storyboard;
			sourceTree = "<group>";
		};
/* End PBXVariantGroup section */

/* Begin XCBuildConfiguration section */
		84B46DF125A336BA00A2A285 /* Debug */ = {
			isa = XCBuildConfiguration;
			buildSettings = {
				ALWAYS_SEARCH_USER_PATHS = NO;
				CLANG_ANALYZER_NONNULL = YES;
				CLANG_ANALYZER_NUMBER_OBJECT_CONVERSION = YES_AGGRESSIVE;
				CLANG_CXX_LANGUAGE_STANDARD = "gnu++14";
				CLANG_CXX_LIBRARY = "libc++";
				CLANG_ENABLE_MODULES = YES;
				CLANG_ENABLE_OBJC_ARC = YES;
				CLANG_ENABLE_OBJC_WEAK = YES;
				CLANG_WARN_BLOCK_CAPTURE_AUTORELEASING = YES;
				CLANG_WARN_BOOL_CONVERSION = YES;
				CLANG_WARN_COMMA = YES;
				CLANG_WARN_CONSTANT_CONVERSION = YES;
				CLANG_WARN_DEPRECATED_OBJC_IMPLEMENTATIONS = YES;
				CLANG_WARN_DIRECT_OBJC_ISA_USAGE = YES_ERROR;
				CLANG_WARN_DOCUMENTATION_COMMENTS = YES;
				CLANG_WARN_EMPTY_BODY = YES;
				CLANG_WARN_ENUM_CONVERSION = YES;
				CLANG_WARN_INFINITE_RECURSION = YES;
				CLANG_WARN_INT_CONVERSION = YES;
				CLANG_WARN_NON_LITERAL_NULL_CONVERSION = YES;
				CLANG_WARN_OBJC_IMPLICIT_RETAIN_SELF = YES;
				CLANG_WARN_OBJC_LITERAL_CONVERSION = YES;
				CLANG_WARN_OBJC_ROOT_CLASS = YES_ERROR;
				CLANG_WARN_QUOTED_INCLUDE_IN_FRAMEWORK_HEADER = YES;
				CLANG_WARN_RANGE_LOOP_ANALYSIS = YES;
				CLANG_WARN_STRICT_PROTOTYPES = YES;
				CLANG_WARN_SUSPICIOUS_MOVE = YES;
				CLANG_WARN_UNGUARDED_AVAILABILITY = YES_AGGRESSIVE;
				CLANG_WARN_UNREACHABLE_CODE = YES;
				CLANG_WARN__DUPLICATE_METHOD_MATCH = YES;
				COPY_PHASE_STRIP = NO;
				DEBUG_INFORMATION_FORMAT = dwarf;
				ENABLE_STRICT_OBJC_MSGSEND = YES;
				ENABLE_TESTABILITY = YES;
				GCC_C_LANGUAGE_STANDARD = gnu11;
				GCC_DYNAMIC_NO_PIC = NO;
				GCC_NO_COMMON_BLOCKS = YES;
				GCC_OPTIMIZATION_LEVEL = 0;
				GCC_PREPROCESSOR_DEFINITIONS = (
					"DEBUG=1",
					"$(inherited)",
				);
				GCC_WARN_64_TO_32_BIT_CONVERSION = YES;
				GCC_WARN_ABOUT_RETURN_TYPE = YES_ERROR;
				GCC_WARN_UNDECLARED_SELECTOR = YES;
				GCC_WARN_UNINITIALIZED_AUTOS = YES_AGGRESSIVE;
				GCC_WARN_UNUSED_FUNCTION = YES;
				GCC_WARN_UNUSED_VARIABLE = YES;
				IPHONEOS_DEPLOYMENT_TARGET = 14.3;
				MTL_ENABLE_DEBUG_INFO = INCLUDE_SOURCE;
				MTL_FAST_MATH = YES;
				ONLY_ACTIVE_ARCH = YES;
				SDKROOT = iphoneos;
				SWIFT_ACTIVE_COMPILATION_CONDITIONS = DEBUG;
				SWIFT_OPTIMIZATION_LEVEL = "-Onone";
			};
			name = Debug;
		};
		84B46DF225A336BA00A2A285 /* Release */ = {
			isa = XCBuildConfiguration;
			buildSettings = {
				ALWAYS_SEARCH_USER_PATHS = NO;
				CLANG_ANALYZER_NONNULL = YES;
				CLANG_ANALYZER_NUMBER_OBJECT_CONVERSION = YES_AGGRESSIVE;
				CLANG_CXX_LANGUAGE_STANDARD = "gnu++14";
				CLANG_CXX_LIBRARY = "libc++";
				CLANG_ENABLE_MODULES = YES;
				CLANG_ENABLE_OBJC_ARC = YES;
				CLANG_ENABLE_OBJC_WEAK = YES;
				CLANG_WARN_BLOCK_CAPTURE_AUTORELEASING = YES;
				CLANG_WARN_BOOL_CONVERSION = YES;
				CLANG_WARN_COMMA = YES;
				CLANG_WARN_CONSTANT_CONVERSION = YES;
				CLANG_WARN_DEPRECATED_OBJC_IMPLEMENTATIONS = YES;
				CLANG_WARN_DIRECT_OBJC_ISA_USAGE = YES_ERROR;
				CLANG_WARN_DOCUMENTATION_COMMENTS = YES;
				CLANG_WARN_EMPTY_BODY = YES;
				CLANG_WARN_ENUM_CONVERSION = YES;
				CLANG_WARN_INFINITE_RECURSION = YES;
				CLANG_WARN_INT_CONVERSION = YES;
				CLANG_WARN_NON_LITERAL_NULL_CONVERSION = YES;
				CLANG_WARN_OBJC_IMPLICIT_RETAIN_SELF = YES;
				CLANG_WARN_OBJC_LITERAL_CONVERSION = YES;
				CLANG_WARN_OBJC_ROOT_CLASS = YES_ERROR;
				CLANG_WARN_QUOTED_INCLUDE_IN_FRAMEWORK_HEADER = YES;
				CLANG_WARN_RANGE_LOOP_ANALYSIS = YES;
				CLANG_WARN_STRICT_PROTOTYPES = YES;
				CLANG_WARN_SUSPICIOUS_MOVE = YES;
				CLANG_WARN_UNGUARDED_AVAILABILITY = YES_AGGRESSIVE;
				CLANG_WARN_UNREACHABLE_CODE = YES;
				CLANG_WARN__DUPLICATE_METHOD_MATCH = YES;
				COPY_PHASE_STRIP = NO;
				DEBUG_INFORMATION_FORMAT = "dwarf-with-dsym";
				ENABLE_NS_ASSERTIONS = NO;
				ENABLE_STRICT_OBJC_MSGSEND = YES;
				GCC_C_LANGUAGE_STANDARD = gnu11;
				GCC_NO_COMMON_BLOCKS = YES;
				GCC_WARN_64_TO_32_BIT_CONVERSION = YES;
				GCC_WARN_ABOUT_RETURN_TYPE = YES_ERROR;
				GCC_WARN_UNDECLARED_SELECTOR = YES;
				GCC_WARN_UNINITIALIZED_AUTOS = YES_AGGRESSIVE;
				GCC_WARN_UNUSED_FUNCTION = YES;
				GCC_WARN_UNUSED_VARIABLE = YES;
				IPHONEOS_DEPLOYMENT_TARGET = 14.3;
				MTL_ENABLE_DEBUG_INFO = NO;
				MTL_FAST_MATH = YES;
				SDKROOT = iphoneos;
				SWIFT_COMPILATION_MODE = wholemodule;
				SWIFT_OPTIMIZATION_LEVEL = "-O";
				VALIDATE_PRODUCT = YES;
			};
			name = Release;
		};
		84B46DF425A336BA00A2A285 /* Debug */ = {
			isa = XCBuildConfiguration;
			buildSettings = {
				ASSETCATALOG_COMPILER_APPICON_NAME = AppIcon;
				ASSETCATALOG_COMPILER_GLOBAL_ACCENT_COLOR_NAME = AccentColor;
				CODE_SIGN_STYLE = Automatic;
				INFOPLIST_FILE = iTunesAPIConnect/Info.plist;
				LD_RUNPATH_SEARCH_PATHS = (
					"$(inherited)",
					"@executable_path/Frameworks",
				);
				PRODUCT_BUNDLE_IDENTIFIER = Nishant.iTunesAPIConnect;
				PRODUCT_NAME = "$(TARGET_NAME)";
				SWIFT_VERSION = 5.0;
				TARGETED_DEVICE_FAMILY = "1,2";
			};
			name = Debug;
		};
		84B46DF525A336BA00A2A285 /* Release */ = {
			isa = XCBuildConfiguration;
			buildSettings = {
				ASSETCATALOG_COMPILER_APPICON_NAME = AppIcon;
				ASSETCATALOG_COMPILER_GLOBAL_ACCENT_COLOR_NAME = AccentColor;
				CODE_SIGN_STYLE = Automatic;
				INFOPLIST_FILE = iTunesAPIConnect/Info.plist;
				LD_RUNPATH_SEARCH_PATHS = (
					"$(inherited)",
					"@executable_path/Frameworks",
				);
				PRODUCT_BUNDLE_IDENTIFIER = Nishant.iTunesAPIConnect;
				PRODUCT_NAME = "$(TARGET_NAME)";
				SWIFT_VERSION = 5.0;
				TARGETED_DEVICE_FAMILY = "1,2";
			};
			name = Release;
		};
		84B46DF725A336BA00A2A285 /* Debug */ = {
			isa = XCBuildConfiguration;
			buildSettings = {
				ALWAYS_EMBED_SWIFT_STANDARD_LIBRARIES = YES;
				BUNDLE_LOADER = "$(TEST_HOST)";
				CODE_SIGN_STYLE = Automatic;
				INFOPLIST_FILE = iTunesAPIConnectTests/Info.plist;
				IPHONEOS_DEPLOYMENT_TARGET = 14.3;
				LD_RUNPATH_SEARCH_PATHS = (
					"$(inherited)",
					"@executable_path/Frameworks",
					"@loader_path/Frameworks",
				);
				PRODUCT_BUNDLE_IDENTIFIER = Nishant.iTunesAPIConnectTests;
				PRODUCT_NAME = "$(TARGET_NAME)";
				SWIFT_VERSION = 5.0;
				TARGETED_DEVICE_FAMILY = "1,2";
				TEST_HOST = "$(BUILT_PRODUCTS_DIR)/iTunesAPIConnect.app/iTunesAPIConnect";
			};
			name = Debug;
		};
		84B46DF825A336BA00A2A285 /* Release */ = {
			isa = XCBuildConfiguration;
			buildSettings = {
				ALWAYS_EMBED_SWIFT_STANDARD_LIBRARIES = YES;
				BUNDLE_LOADER = "$(TEST_HOST)";
				CODE_SIGN_STYLE = Automatic;
				INFOPLIST_FILE = iTunesAPIConnectTests/Info.plist;
				IPHONEOS_DEPLOYMENT_TARGET = 14.3;
				LD_RUNPATH_SEARCH_PATHS = (
					"$(inherited)",
					"@executable_path/Frameworks",
					"@loader_path/Frameworks",
				);
				PRODUCT_BUNDLE_IDENTIFIER = Nishant.iTunesAPIConnectTests;
				PRODUCT_NAME = "$(TARGET_NAME)";
				SWIFT_VERSION = 5.0;
				TARGETED_DEVICE_FAMILY = "1,2";
				TEST_HOST = "$(BUILT_PRODUCTS_DIR)/iTunesAPIConnect.app/iTunesAPIConnect";
			};
			name = Release;
		};
		84B46DFA25A336BA00A2A285 /* Debug */ = {
			isa = XCBuildConfiguration;
			buildSettings = {
				ALWAYS_EMBED_SWIFT_STANDARD_LIBRARIES = YES;
				CODE_SIGN_STYLE = Automatic;
				INFOPLIST_FILE = iTunesAPIConnectUITests/Info.plist;
				LD_RUNPATH_SEARCH_PATHS = (
					"$(inherited)",
					"@executable_path/Frameworks",
					"@loader_path/Frameworks",
				);
				PRODUCT_BUNDLE_IDENTIFIER = Nishant.iTunesAPIConnectUITests;
				PRODUCT_NAME = "$(TARGET_NAME)";
				SWIFT_VERSION = 5.0;
				TARGETED_DEVICE_FAMILY = "1,2";
				TEST_TARGET_NAME = iTunesAPIConnect;
			};
			name = Debug;
		};
		84B46DFB25A336BA00A2A285 /* Release */ = {
			isa = XCBuildConfiguration;
			buildSettings = {
				ALWAYS_EMBED_SWIFT_STANDARD_LIBRARIES = YES;
				CODE_SIGN_STYLE = Automatic;
				INFOPLIST_FILE = iTunesAPIConnectUITests/Info.plist;
				LD_RUNPATH_SEARCH_PATHS = (
					"$(inherited)",
					"@executable_path/Frameworks",
					"@loader_path/Frameworks",
				);
				PRODUCT_BUNDLE_IDENTIFIER = Nishant.iTunesAPIConnectUITests;
				PRODUCT_NAME = "$(TARGET_NAME)";
				SWIFT_VERSION = 5.0;
				TARGETED_DEVICE_FAMILY = "1,2";
				TEST_TARGET_NAME = iTunesAPIConnect;
			};
			name = Release;
		};
/* End XCBuildConfiguration section */

/* Begin XCConfigurationList section */
		84B46DC125A336B600A2A285 /* Build configuration list for PBXProject "iTunesAPIConnect" */ = {
			isa = XCConfigurationList;
			buildConfigurations = (
				84B46DF125A336BA00A2A285 /* Debug */,
				84B46DF225A336BA00A2A285 /* Release */,
			);
			defaultConfigurationIsVisible = 0;
			defaultConfigurationName = Release;
		};
		84B46DF325A336BA00A2A285 /* Build configuration list for PBXNativeTarget "iTunesAPIConnect" */ = {
			isa = XCConfigurationList;
			buildConfigurations = (
				84B46DF425A336BA00A2A285 /* Debug */,
				84B46DF525A336BA00A2A285 /* Release */,
			);
			defaultConfigurationIsVisible = 0;
			defaultConfigurationName = Release;
		};
		84B46DF625A336BA00A2A285 /* Build configuration list for PBXNativeTarget "iTunesAPIConnectTests" */ = {
			isa = XCConfigurationList;
			buildConfigurations = (
				84B46DF725A336BA00A2A285 /* Debug */,
				84B46DF825A336BA00A2A285 /* Release */,
			);
			defaultConfigurationIsVisible = 0;
			defaultConfigurationName = Release;
		};
		84B46DF925A336BA00A2A285 /* Build configuration list for PBXNativeTarget "iTunesAPIConnectUITests" */ = {
			isa = XCConfigurationList;
			buildConfigurations = (
				84B46DFA25A336BA00A2A285 /* Debug */,
				84B46DFB25A336BA00A2A285 /* Release */,
			);
			defaultConfigurationIsVisible = 0;
			defaultConfigurationName = Release;
		};
/* End XCConfigurationList section */

/* Begin XCVersionGroup section */
		84B46DD225A336B600A2A285 /* iTunesAPIConnect.xcdatamodeld */ = {
			isa = XCVersionGroup;
			children = (
				84B46DD325A336B600A2A285 /* iTunesAPIConnect.xcdatamodel */,
			);
			currentVersion = 84B46DD325A336B600A2A285 /* iTunesAPIConnect.xcdatamodel */;
			path = iTunesAPIConnect.xcdatamodeld;
			sourceTree = "<group>";
			versionGroupType = wrapper.xcdatamodel;
		};
/* End XCVersionGroup section */
	};
	rootObject = 84B46DBE25A336B600A2A285 /* Project object */;
}
